
Microsoft Visual Studio Solution File, Format Version 12.00
# Visual Studio Version 17
VisualStudioVersion = 17.14.36203.30
MinimumVisualStudioVersion = 10.0.40219.1
Project("{FAE04EC0-301F-11D3-BF4B-00C04F79EFBC}") = "LocalAIAssistant.Ui.Maui", "LocalAIAssistant.Ui.Maui.csproj", "{45DAAFE2-0A35-4224-0DBC-51BD6D4FB676}"
EndProject
Project("{2150E333-8FDC-42A3-9474-1A3956D46DE8}") = "src", "src", "{CACDE7FA-0162-4EAF-8BAE-D40B4989E151}"
EndProject
Project("{2150E333-8FDC-42A3-9474-1A3956D46DE8}") = "tests", "tests", "{60530108-A5FA-4244-A547-0F484E51F065}"
EndProject
Global
	GlobalSection(SolutionConfigurationPlatforms) = preSolution
		Debug|Any CPU = Debug|Any CPU
		Release|Any CPU = Release|Any CPU
	EndGlobalSection
	GlobalSection(ProjectConfigurationPlatforms) = postSolution
		{45DAAFE2-0A35-4224-0DBC-51BD6D4FB676}.Debug|Any CPU.ActiveCfg = Debug|Any CPU
		{45DAAFE2-0A35-4224-0DBC-51BD6D4FB676}.Debug|Any CPU.Build.0 = Debug|Any CPU
		{45DAAFE2-0A35-4224-0DBC-51BD6D4FB676}.Debug|Any CPU.Deploy.0 = Debug|Any CPU
		{45DAAFE2-0A35-4224-0DBC-51BD6D4FB676}.Release|Any CPU.ActiveCfg = Release|Any CPU
		{45DAAFE2-0A35-4224-0DBC-51BD6D4FB676}.Release|Any CPU.Build.0 = Release|Any CPU
	EndGlobalSection
	GlobalSection(SolutionProperties) = preSolution
		HideSolutionNode = FALSE
	EndGlobalSection
	GlobalSection(ExtensibilityGlobals) = postSolution
		SolutionGuid = {2AA29B01-1886-4B49-A429-F8D96AC2D36B}
	EndGlobalSection
EndGlobal
